
Microsoft Visual Studio Solution File, Format Version 12.00
# Visual Studio Version 16
VisualStudioVersion = 16.0.31702.278
MinimumVisualStudioVersion = 10.0.40219.1
Project("{9A19103F-16F7-4668-BE54-9A1E7A4F7556}") = "Sudoku.Shared", "Sudoku.Shared\Sudoku.Shared.csproj", "{875F71B2-99ED-4366-9C28-E5FFB5B5AA41}"
EndProject
Project("{9A19103F-16F7-4668-BE54-9A1E7A4F7556}") = "Sudoku.Benchmark", "Sudoku.Benchmark\Sudoku.Benchmark.csproj", "{3F6D87E5-3288-46C4-B192-F91D5FBB075B}"
EndProject
Project("{2150E333-8FDC-42A3-9474-1A3956D46DE8}") = "Puzzles", "Puzzles", "{5351C3A6-44B9-45CB-B4DB-4578796500FB}"
	ProjectSection(SolutionItems) = preProject
		Puzzles\Sudoku_Easy50.txt = Puzzles\Sudoku_Easy50.txt
		Puzzles\Sudoku_hardest.txt = Puzzles\Sudoku_hardest.txt
		Puzzles\Sudoku_top95.txt = Puzzles\Sudoku_top95.txt
	EndProjectSection
EndProject
Project("{9A19103F-16F7-4668-BE54-9A1E7A4F7556}") = "Sudoku.Z3Solvers", "Sudoku.Z3Solvers\Sudoku.Z3Solvers.csproj", "{A35C20E9-B1AC-47FD-9213-E84C6C37C2E2}"
EndProject
Project("{FAE04EC0-301F-11D3-BF4B-00C04F79EFBC}") = "Sudoku.GeneticSharpSolvers", "Sudoku.GeneticSharpSolvers\Sudoku.GeneticSharpSolvers.csproj", "{9032934B-B494-4D4E-912F-CE5443CBAEE4}"
EndProject
Project("{FAE04EC0-301F-11D3-BF4B-00C04F79EFBC}") = "Sudoku.Backtracking.Solvers", "Sudoku.Backtracking.Solvers\Sudoku.Backtracking.Solvers.csproj", "{B1619900-6934-4F1E-8BD3-F572A99FEB41}"
EndProject
Project("{FAE04EC0-301F-11D3-BF4B-00C04F79EFBC}") = "Sudoku.GraphicalModelSolver", "Sudoku.GraphicalModelSolver\Sudoku.GraphicalModelSolver.csproj", "{F7E2145C-30AE-42DF-B1D2-8ACAD4661FC8}"
EndProject
Project("{FAE04EC0-301F-11D3-BF4B-00C04F79EFBC}") = "Sudoku.ORToolsSolvers", "Sudoku.ORToolsSolvers\Sudoku.ORToolsSolvers.csproj", "{86F69D33-4F08-4F59-8BCD-DAAE50F000DD}"
EndProject
Project("{9A19103F-16F7-4668-BE54-9A1E7A4F7556}") = "Sudoku.SwarmIntelligenceSolver", "SwarmIntelligenceSolver\Sudoku.SwarmIntelligenceSolver.csproj", "{1DEE874F-1A5F-46DD-AAFB-100C222CBC42}"
EndProject
Project("{FAE04EC0-301F-11D3-BF4B-00C04F79EFBC}") = "Sudoko.CSPSolver", "Sudoko.CSPSolver\Sudoko.CSPSolver.csproj", "{6A017087-FCBA-42DB-95F9-15D31B8B754D}"
EndProject
Project("{FAE04EC0-301F-11D3-BF4B-00C04F79EFBC}") = "Sudoku.NorvigSolver", "Sudoku.NorvigSolver\Sudoku.NorvigSolver.csproj", "{0D6D18E4-5937-437C-84B0-417409DD3ACF}"
EndProject
Project("{FAE04EC0-301F-11D3-BF4B-00C04F79EFBC}") = "Sudoku.NeuralNetworkSolver", "Sudoku.NeuralNetworkSolver\Sudoku.NeuralNetworkSolver.csproj", "{89ADA199-860A-4302-BC18-702A0E5B1C56}"
EndProject
Project("{FAE04EC0-301F-11D3-BF4B-00C04F79EFBC}") = "Sudoku.HumanTechnique", "Sudoku.HumanTechnique\Sudoku.HumanTechnique.csproj", "{2D65972F-26EF-4C15-9421-15C13716BB56}"
EndProject
Global
	GlobalSection(SolutionConfigurationPlatforms) = preSolution
		Debug|Any CPU = Debug|Any CPU
		Release|Any CPU = Release|Any CPU
	EndGlobalSection
	GlobalSection(ProjectConfigurationPlatforms) = postSolution
		{875F71B2-99ED-4366-9C28-E5FFB5B5AA41}.Debug|Any CPU.ActiveCfg = Debug|Any CPU
		{875F71B2-99ED-4366-9C28-E5FFB5B5AA41}.Debug|Any CPU.Build.0 = Debug|Any CPU
		{875F71B2-99ED-4366-9C28-E5FFB5B5AA41}.Release|Any CPU.ActiveCfg = Release|Any CPU
		{875F71B2-99ED-4366-9C28-E5FFB5B5AA41}.Release|Any CPU.Build.0 = Release|Any CPU
		{3F6D87E5-3288-46C4-B192-F91D5FBB075B}.Debug|Any CPU.ActiveCfg = Debug|Any CPU
		{3F6D87E5-3288-46C4-B192-F91D5FBB075B}.Debug|Any CPU.Build.0 = Debug|Any CPU
		{3F6D87E5-3288-46C4-B192-F91D5FBB075B}.Release|Any CPU.ActiveCfg = Release|Any CPU
		{3F6D87E5-3288-46C4-B192-F91D5FBB075B}.Release|Any CPU.Build.0 = Release|Any CPU
		{A35C20E9-B1AC-47FD-9213-E84C6C37C2E2}.Debug|Any CPU.ActiveCfg = Debug|Any CPU
		{A35C20E9-B1AC-47FD-9213-E84C6C37C2E2}.Debug|Any CPU.Build.0 = Debug|Any CPU
		{A35C20E9-B1AC-47FD-9213-E84C6C37C2E2}.Release|Any CPU.ActiveCfg = Release|Any CPU
		{A35C20E9-B1AC-47FD-9213-E84C6C37C2E2}.Release|Any CPU.Build.0 = Release|Any CPU
		{9032934B-B494-4D4E-912F-CE5443CBAEE4}.Debug|Any CPU.ActiveCfg = Debug|Any CPU
		{9032934B-B494-4D4E-912F-CE5443CBAEE4}.Debug|Any CPU.Build.0 = Debug|Any CPU
		{9032934B-B494-4D4E-912F-CE5443CBAEE4}.Release|Any CPU.ActiveCfg = Release|Any CPU
		{9032934B-B494-4D4E-912F-CE5443CBAEE4}.Release|Any CPU.Build.0 = Release|Any CPU
		{B1619900-6934-4F1E-8BD3-F572A99FEB41}.Debug|Any CPU.ActiveCfg = Debug|Any CPU
		{B1619900-6934-4F1E-8BD3-F572A99FEB41}.Debug|Any CPU.Build.0 = Debug|Any CPU
		{B1619900-6934-4F1E-8BD3-F572A99FEB41}.Release|Any CPU.ActiveCfg = Release|Any CPU
		{B1619900-6934-4F1E-8BD3-F572A99FEB41}.Release|Any CPU.Build.0 = Release|Any CPU
		{F7E2145C-30AE-42DF-B1D2-8ACAD4661FC8}.Debug|Any CPU.ActiveCfg = Debug|Any CPU
		{F7E2145C-30AE-42DF-B1D2-8ACAD4661FC8}.Debug|Any CPU.Build.0 = Debug|Any CPU
		{F7E2145C-30AE-42DF-B1D2-8ACAD4661FC8}.Release|Any CPU.ActiveCfg = Release|Any CPU
		{F7E2145C-30AE-42DF-B1D2-8ACAD4661FC8}.Release|Any CPU.Build.0 = Release|Any CPU
		{86F69D33-4F08-4F59-8BCD-DAAE50F000DD}.Debug|Any CPU.ActiveCfg = Debug|Any CPU
		{86F69D33-4F08-4F59-8BCD-DAAE50F000DD}.Debug|Any CPU.Build.0 = Debug|Any CPU
		{86F69D33-4F08-4F59-8BCD-DAAE50F000DD}.Release|Any CPU.ActiveCfg = Release|Any CPU
		{86F69D33-4F08-4F59-8BCD-DAAE50F000DD}.Release|Any CPU.Build.0 = Release|Any CPU
		{1DEE874F-1A5F-46DD-AAFB-100C222CBC42}.Debug|Any CPU.ActiveCfg = Debug|Any CPU
		{1DEE874F-1A5F-46DD-AAFB-100C222CBC42}.Debug|Any CPU.Build.0 = Debug|Any CPU
		{1DEE874F-1A5F-46DD-AAFB-100C222CBC42}.Release|Any CPU.ActiveCfg = Release|Any CPU
		{1DEE874F-1A5F-46DD-AAFB-100C222CBC42}.Release|Any CPU.Build.0 = Release|Any CPU
		{6A017087-FCBA-42DB-95F9-15D31B8B754D}.Debug|Any CPU.ActiveCfg = Debug|Any CPU
		{6A017087-FCBA-42DB-95F9-15D31B8B754D}.Debug|Any CPU.Build.0 = Debug|Any CPU
		{6A017087-FCBA-42DB-95F9-15D31B8B754D}.Release|Any CPU.ActiveCfg = Release|Any CPU
		{6A017087-FCBA-42DB-95F9-15D31B8B754D}.Release|Any CPU.Build.0 = Release|Any CPU
		{0D6D18E4-5937-437C-84B0-417409DD3ACF}.Debug|Any CPU.ActiveCfg = Debug|Any CPU
		{0D6D18E4-5937-437C-84B0-417409DD3ACF}.Debug|Any CPU.Build.0 = Debug|Any CPU
		{0D6D18E4-5937-437C-84B0-417409DD3ACF}.Release|Any CPU.ActiveCfg = Release|Any CPU
		{0D6D18E4-5937-437C-84B0-417409DD3ACF}.Release|Any CPU.Build.0 = Release|Any CPU
		{89ADA199-860A-4302-BC18-702A0E5B1C56}.Debug|Any CPU.ActiveCfg = Debug|Any CPU
		{89ADA199-860A-4302-BC18-702A0E5B1C56}.Debug|Any CPU.Build.0 = Debug|Any CPU
		{89ADA199-860A-4302-BC18-702A0E5B1C56}.Release|Any CPU.ActiveCfg = Release|Any CPU
		{89ADA199-860A-4302-BC18-702A0E5B1C56}.Release|Any CPU.Build.0 = Release|Any CPU
		{2D65972F-26EF-4C15-9421-15C13716BB56}.Debug|Any CPU.ActiveCfg = Debug|Any CPU
		{2D65972F-26EF-4C15-9421-15C13716BB56}.Debug|Any CPU.Build.0 = Debug|Any CPU
		{2D65972F-26EF-4C15-9421-15C13716BB56}.Release|Any CPU.ActiveCfg = Release|Any CPU
		{2D65972F-26EF-4C15-9421-15C13716BB56}.Release|Any CPU.Build.0 = Release|Any CPU
	EndGlobalSection
	GlobalSection(SolutionProperties) = preSolution
		HideSolutionNode = FALSE
	EndGlobalSection
	GlobalSection(ExtensibilityGlobals) = postSolution
		SolutionGuid = {BEE8F8D1-8D10-45DA-ABF1-5DE630CBE60B}
	EndGlobalSection
EndGlobal
